
Microsoft Visual Studio Solution File, Format Version 11.00
# Visual Studio 2010
Project("{FAE04EC0-301F-11D3-BF4B-00C04F79EFBC}") = "Trackmatic.Figs", "Trackmatic.Figs\Trackmatic.Figs.csproj", "{B3205532-15FA-4F96-B42E-1636C291281B}"
EndProject
Project("{FAE04EC0-301F-11D3-BF4B-00C04F79EFBC}") = "Trackmatic.Figs.Tests", "Trackmatic.Figs.Tests\Trackmatic.Figs.Tests.csproj", "{482EBA0F-0F9B-4F6A-9D1C-5EA68DD55A0F}"
EndProject
Project("{FAE04EC0-301F-11D3-BF4B-00C04F79EFBC}") = "Trackmatic.Figs.Sample", "Trackmatic.Figs.Sample\Trackmatic.Figs.Sample.csproj", "{DDCCB270-99AE-41C5-81A9-A5D109101056}"
EndProject
Project("{2150E333-8FDC-42A3-9474-1A3956D46DE8}") = ".nuget", ".nuget", "{05121C17-7CEC-4F41-ADA5-D6A48691EA5A}"
	ProjectSection(SolutionItems) = preProject
		.nuget\packages.config = .nuget\packages.config
	EndProjectSection
EndProject
Project("{2150E333-8FDC-42A3-9474-1A3956D46DE8}") = "Scripts", "Scripts", "{B9CA1094-1EB7-4ED6-BF06-16519BB28E13}"
	ProjectSection(SolutionItems) = preProject
		figs-install.ps1 = figs-install.ps1
	EndProjectSection
EndProject
Global
	GlobalSection(SolutionConfigurationPlatforms) = preSolution
		Debug|Any CPU = Debug|Any CPU
		Debug|Mixed Platforms = Debug|Mixed Platforms
		Debug|x86 = Debug|x86
		Release|Any CPU = Release|Any CPU
		Release|Mixed Platforms = Release|Mixed Platforms
		Release|x86 = Release|x86
	EndGlobalSection
	GlobalSection(ProjectConfigurationPlatforms) = postSolution
		{B3205532-15FA-4F96-B42E-1636C291281B}.Debug|Any CPU.ActiveCfg = Debug|Any CPU
		{B3205532-15FA-4F96-B42E-1636C291281B}.Debug|Any CPU.Build.0 = Debug|Any CPU
		{B3205532-15FA-4F96-B42E-1636C291281B}.Debug|Mixed Platforms.ActiveCfg = Debug|Any CPU
		{B3205532-15FA-4F96-B42E-1636C291281B}.Debug|Mixed Platforms.Build.0 = Debug|Any CPU
		{B3205532-15FA-4F96-B42E-1636C291281B}.Debug|x86.ActiveCfg = Debug|Any CPU
		{B3205532-15FA-4F96-B42E-1636C291281B}.Release|Any CPU.ActiveCfg = Release|Any CPU
		{B3205532-15FA-4F96-B42E-1636C291281B}.Release|Any CPU.Build.0 = Release|Any CPU
		{B3205532-15FA-4F96-B42E-1636C291281B}.Release|Mixed Platforms.ActiveCfg = Release|Any CPU
		{B3205532-15FA-4F96-B42E-1636C291281B}.Release|Mixed Platforms.Build.0 = Release|Any CPU
		{B3205532-15FA-4F96-B42E-1636C291281B}.Release|x86.ActiveCfg = Release|Any CPU
		{482EBA0F-0F9B-4F6A-9D1C-5EA68DD55A0F}.Debug|Any CPU.ActiveCfg = Debug|Any CPU
		{482EBA0F-0F9B-4F6A-9D1C-5EA68DD55A0F}.Debug|Any CPU.Build.0 = Debug|Any CPU
		{482EBA0F-0F9B-4F6A-9D1C-5EA68DD55A0F}.Debug|Mixed Platforms.ActiveCfg = Debug|Any CPU
		{482EBA0F-0F9B-4F6A-9D1C-5EA68DD55A0F}.Debug|Mixed Platforms.Build.0 = Debug|Any CPU
		{482EBA0F-0F9B-4F6A-9D1C-5EA68DD55A0F}.Debug|x86.ActiveCfg = Debug|Any CPU
		{482EBA0F-0F9B-4F6A-9D1C-5EA68DD55A0F}.Release|Any CPU.ActiveCfg = Release|Any CPU
		{482EBA0F-0F9B-4F6A-9D1C-5EA68DD55A0F}.Release|Any CPU.Build.0 = Release|Any CPU
		{482EBA0F-0F9B-4F6A-9D1C-5EA68DD55A0F}.Release|Mixed Platforms.ActiveCfg = Release|Any CPU
		{482EBA0F-0F9B-4F6A-9D1C-5EA68DD55A0F}.Release|Mixed Platforms.Build.0 = Release|Any CPU
		{482EBA0F-0F9B-4F6A-9D1C-5EA68DD55A0F}.Release|x86.ActiveCfg = Release|Any CPU
		{DDCCB270-99AE-41C5-81A9-A5D109101056}.Debug|Any CPU.ActiveCfg = Debug|x86
		{DDCCB270-99AE-41C5-81A9-A5D109101056}.Debug|Mixed Platforms.ActiveCfg = Debug|x86
		{DDCCB270-99AE-41C5-81A9-A5D109101056}.Debug|Mixed Platforms.Build.0 = Debug|x86
		{DDCCB270-99AE-41C5-81A9-A5D109101056}.Debug|x86.ActiveCfg = Debug|x86
		{DDCCB270-99AE-41C5-81A9-A5D109101056}.Debug|x86.Build.0 = Debug|x86
		{DDCCB270-99AE-41C5-81A9-A5D109101056}.Release|Any CPU.ActiveCfg = Release|x86
		{DDCCB270-99AE-41C5-81A9-A5D109101056}.Release|Mixed Platforms.ActiveCfg = Release|x86
		{DDCCB270-99AE-41C5-81A9-A5D109101056}.Release|Mixed Platforms.Build.0 = Release|x86
		{DDCCB270-99AE-41C5-81A9-A5D109101056}.Release|x86.ActiveCfg = Release|x86
		{DDCCB270-99AE-41C5-81A9-A5D109101056}.Release|x86.Build.0 = Release|x86
	EndGlobalSection
	GlobalSection(SolutionProperties) = preSolution
		HideSolutionNode = FALSE
	EndGlobalSection
EndGlobal
